
Microsoft Visual Studio Solution File, Format Version 12.00
# Visual Studio Version 17
VisualStudioVersion = 17.5.33627.172
MinimumVisualStudioVersion = 10.0.40219.1
Project("{FAE04EC0-301F-11D3-BF4B-00C04F79EFBC}") = "TeboCam", "TeboCam\TeboCam.csproj", "{0FF635C0-695D-467C-B13D-BCA92E137D4B}"
EndProject
Project("{9A19103F-16F7-4668-BE54-9A1E7A4F7556}") = "HeartBeat", "HeartBeat\HeartBeat.csproj", "{0BDA42DB-622E-4593-AC94-29C326985D7F}"
EndProject
Project("{FAE04EC0-301F-11D3-BF4B-00C04F79EFBC}") = "Password", "Password\Password.csproj", "{768DF7D2-FCB8-4447-A1BA-8455C57EABFB}"
EndProject
Global
	GlobalSection(SolutionConfigurationPlatforms) = preSolution
		Debug|Any CPU = Debug|Any CPU
		Release|Any CPU = Release|Any CPU
	EndGlobalSection
	GlobalSection(ProjectConfigurationPlatforms) = postSolution
		{0FF635C0-695D-467C-B13D-BCA92E137D4B}.Debug|Any CPU.ActiveCfg = Debug|Any CPU
		{0FF635C0-695D-467C-B13D-BCA92E137D4B}.Debug|Any CPU.Build.0 = Debug|Any CPU
		{0FF635C0-695D-467C-B13D-BCA92E137D4B}.Release|Any CPU.ActiveCfg = Release|Any CPU
		{0FF635C0-695D-467C-B13D-BCA92E137D4B}.Release|Any CPU.Build.0 = Release|Any CPU
		{0BDA42DB-622E-4593-AC94-29C326985D7F}.Debug|Any CPU.ActiveCfg = Debug|Any CPU
		{0BDA42DB-622E-4593-AC94-29C326985D7F}.Debug|Any CPU.Build.0 = Debug|Any CPU
		{0BDA42DB-622E-4593-AC94-29C326985D7F}.Release|Any CPU.ActiveCfg = Release|Any CPU
		{0BDA42DB-622E-4593-AC94-29C326985D7F}.Release|Any CPU.Build.0 = Release|Any CPU
		{768DF7D2-FCB8-4447-A1BA-8455C57EABFB}.Debug|Any CPU.ActiveCfg = Debug|Any CPU
		{768DF7D2-FCB8-4447-A1BA-8455C57EABFB}.Debug|Any CPU.Build.0 = Debug|Any CPU
		{768DF7D2-FCB8-4447-A1BA-8455C57EABFB}.Release|Any CPU.ActiveCfg = Release|Any CPU
		{768DF7D2-FCB8-4447-A1BA-8455C57EABFB}.Release|Any CPU.Build.0 = Release|Any CPU
	EndGlobalSection
	GlobalSection(SolutionProperties) = preSolution
		HideSolutionNode = FALSE
	EndGlobalSection
	GlobalSection(ExtensibilityGlobals) = postSolution
		SolutionGuid = {17B9B080-2FE7-40D4-B478-8BBC8AAE4B81}
	EndGlobalSection
EndGlobal
