
Microsoft Visual Studio Solution File, Format Version 11.00
# Visual C# Express 2010
Project("{FAE04EC0-301F-11D3-BF4B-00C04F79EFBC}") = "TeboCam", "TeboCam\TeboCam.csproj", "{0FF635C0-695D-467C-B13D-BCA92E137D4B}"
EndProject
Project("{FAE04EC0-301F-11D3-BF4B-00C04F79EFBC}") = "vfw", "vfw\vfw.csproj", "{ECAA3D55-19AB-440B-B82E-221AE06C4A5B}"
EndProject
Global
	GlobalSection(SolutionConfigurationPlatforms) = preSolution
		Debug|Any CPU = Debug|Any CPU
		Release|Any CPU = Release|Any CPU
	EndGlobalSection
	GlobalSection(ProjectConfigurationPlatforms) = postSolution
		{0FF635C0-695D-467C-B13D-BCA92E137D4B}.Debug|Any CPU.ActiveCfg = Debug|Any CPU
		{0FF635C0-695D-467C-B13D-BCA92E137D4B}.Debug|Any CPU.Build.0 = Debug|Any CPU
		{0FF635C0-695D-467C-B13D-BCA92E137D4B}.Release|Any CPU.ActiveCfg = Release|Any CPU
		{0FF635C0-695D-467C-B13D-BCA92E137D4B}.Release|Any CPU.Build.0 = Release|Any CPU
		{ECAA3D55-19AB-440B-B82E-221AE06C4A5B}.Debug|Any CPU.ActiveCfg = Debug|Any CPU
		{ECAA3D55-19AB-440B-B82E-221AE06C4A5B}.Debug|Any CPU.Build.0 = Debug|Any CPU
		{ECAA3D55-19AB-440B-B82E-221AE06C4A5B}.Release|Any CPU.ActiveCfg = Release|Any CPU
		{ECAA3D55-19AB-440B-B82E-221AE06C4A5B}.Release|Any CPU.Build.0 = Release|Any CPU
	EndGlobalSection
	GlobalSection(SolutionProperties) = preSolution
		HideSolutionNode = FALSE
	EndGlobalSection
EndGlobal
